
Microsoft Visual Studio Solution File, Format Version 12.00
# Visual Studio Version 17
VisualStudioVersion = 17.7.34221.43
MinimumVisualStudioVersion = 10.0.40219.1
Project("{9A19103F-16F7-4668-BE54-9A1E7A4F7556}") = "JacobiSLAESolver", "JacobiSLAESolver\JacobiSLAESolver.csproj", "{93AB84F0-41A6-4218-B27D-043130B7A0C7}"
EndProject
Global
	GlobalSection(SolutionConfigurationPlatforms) = preSolution
		Debug|Any CPU = Debug|Any CPU
		Release|Any CPU = Release|Any CPU
	EndGlobalSection
	GlobalSection(ProjectConfigurationPlatforms) = postSolution
		{93AB84F0-41A6-4218-B27D-043130B7A0C7}.Debug|Any CPU.ActiveCfg = Debug|Any CPU
		{93AB84F0-41A6-4218-B27D-043130B7A0C7}.Debug|Any CPU.Build.0 = Debug|Any CPU
		{93AB84F0-41A6-4218-B27D-043130B7A0C7}.Release|Any CPU.ActiveCfg = Release|Any CPU
		{93AB84F0-41A6-4218-B27D-043130B7A0C7}.Release|Any CPU.Build.0 = Release|Any CPU
	EndGlobalSection
	GlobalSection(SolutionProperties) = preSolution
		HideSolutionNode = FALSE
	EndGlobalSection
	GlobalSection(ExtensibilityGlobals) = postSolution
		SolutionGuid = {FE366060-9B10-4495-AB72-95C8E70FCF4D}
	EndGlobalSection
EndGlobal
